
Microsoft Visual Studio Solution File, Format Version 12.00
# Visual Studio Version 17
VisualStudioVersion = 17.0.31903.59
MinimumVisualStudioVersion = 10.0.40219.1
Project("{2150E333-8FDC-42A3-9474-1A3956D46DE8}") = "src", "src", "{827E0CD3-B72D-47B6-A68D-7590B98EB39B}"
EndProject
Project("{FAE04EC0-301F-11D3-BF4B-00C04F79EFBC}") = "GitProfileManager", "src\GitProfileManager\GitProfileManager.csproj", "{B3FFB6BC-FD32-4BB9-BD16-E9327A9A9737}"
EndProject
Project("{9A19103F-16F7-4668-BE54-9A1E7A4F7556}") = "_build", ".nuke\_build.csproj", "{12865E40-FD3F-4190-8AE8-BC1791D48DAD}"
EndProject
Project("{FAE04EC0-301F-11D3-BF4B-00C04F79EFBC}") = "GitProfileManager.Tests", "src\GitProfileManager.Tests\GitProfileManager.Tests.csproj", "{CF7DFAAB-7AA2-4B91-9F37-E03D2AC58B3B}"
EndProject
Project("{FAE04EC0-301F-11D3-BF4B-00C04F79EFBC}") = "GitProfileManager.Lib", "src\GitProfileManager.Lib\GitProfileManager.Lib.csproj", "{1847FE00-7428-4A06-AD22-B3DEDEBB5D27}"
EndProject
Global
	GlobalSection(SolutionConfigurationPlatforms) = preSolution
		Debug|Any CPU = Debug|Any CPU
		Debug|x64 = Debug|x64
		Debug|x86 = Debug|x86
		Release|Any CPU = Release|Any CPU
		Release|x64 = Release|x64
		Release|x86 = Release|x86
	EndGlobalSection
	GlobalSection(ProjectConfigurationPlatforms) = postSolution
		{B3FFB6BC-FD32-4BB9-BD16-E9327A9A9737}.Debug|Any CPU.ActiveCfg = Debug|Any CPU
		{B3FFB6BC-FD32-4BB9-BD16-E9327A9A9737}.Debug|Any CPU.Build.0 = Debug|Any CPU
		{B3FFB6BC-FD32-4BB9-BD16-E9327A9A9737}.Debug|x64.ActiveCfg = Debug|Any CPU
		{B3FFB6BC-FD32-4BB9-BD16-E9327A9A9737}.Debug|x64.Build.0 = Debug|Any CPU
		{B3FFB6BC-FD32-4BB9-BD16-E9327A9A9737}.Debug|x86.ActiveCfg = Debug|Any CPU
		{B3FFB6BC-FD32-4BB9-BD16-E9327A9A9737}.Debug|x86.Build.0 = Debug|Any CPU
		{B3FFB6BC-FD32-4BB9-BD16-E9327A9A9737}.Release|Any CPU.ActiveCfg = Release|Any CPU
		{B3FFB6BC-FD32-4BB9-BD16-E9327A9A9737}.Release|Any CPU.Build.0 = Release|Any CPU
		{B3FFB6BC-FD32-4BB9-BD16-E9327A9A9737}.Release|x64.ActiveCfg = Release|Any CPU
		{B3FFB6BC-FD32-4BB9-BD16-E9327A9A9737}.Release|x64.Build.0 = Release|Any CPU
		{B3FFB6BC-FD32-4BB9-BD16-E9327A9A9737}.Release|x86.ActiveCfg = Release|Any CPU
		{B3FFB6BC-FD32-4BB9-BD16-E9327A9A9737}.Release|x86.Build.0 = Release|Any CPU
		{12865E40-FD3F-4190-8AE8-BC1791D48DAD}.Debug|Any CPU.ActiveCfg = Debug|Any CPU
		{12865E40-FD3F-4190-8AE8-BC1791D48DAD}.Debug|x64.ActiveCfg = Debug|Any CPU
		{12865E40-FD3F-4190-8AE8-BC1791D48DAD}.Debug|x64.Build.0 = Debug|Any CPU
		{12865E40-FD3F-4190-8AE8-BC1791D48DAD}.Debug|x86.ActiveCfg = Debug|Any CPU
		{12865E40-FD3F-4190-8AE8-BC1791D48DAD}.Debug|x86.Build.0 = Debug|Any CPU
		{12865E40-FD3F-4190-8AE8-BC1791D48DAD}.Release|Any CPU.ActiveCfg = Release|Any CPU
		{12865E40-FD3F-4190-8AE8-BC1791D48DAD}.Release|x64.ActiveCfg = Release|Any CPU
		{12865E40-FD3F-4190-8AE8-BC1791D48DAD}.Release|x64.Build.0 = Release|Any CPU
		{12865E40-FD3F-4190-8AE8-BC1791D48DAD}.Release|x86.ActiveCfg = Release|Any CPU
		{12865E40-FD3F-4190-8AE8-BC1791D48DAD}.Release|x86.Build.0 = Release|Any CPU
		{CF7DFAAB-7AA2-4B91-9F37-E03D2AC58B3B}.Debug|Any CPU.ActiveCfg = Debug|Any CPU
		{CF7DFAAB-7AA2-4B91-9F37-E03D2AC58B3B}.Debug|Any CPU.Build.0 = Debug|Any CPU
		{CF7DFAAB-7AA2-4B91-9F37-E03D2AC58B3B}.Debug|x64.ActiveCfg = Debug|Any CPU
		{CF7DFAAB-7AA2-4B91-9F37-E03D2AC58B3B}.Debug|x64.Build.0 = Debug|Any CPU
		{CF7DFAAB-7AA2-4B91-9F37-E03D2AC58B3B}.Debug|x86.ActiveCfg = Debug|Any CPU
		{CF7DFAAB-7AA2-4B91-9F37-E03D2AC58B3B}.Debug|x86.Build.0 = Debug|Any CPU
		{CF7DFAAB-7AA2-4B91-9F37-E03D2AC58B3B}.Release|Any CPU.ActiveCfg = Release|Any CPU
		{CF7DFAAB-7AA2-4B91-9F37-E03D2AC58B3B}.Release|Any CPU.Build.0 = Release|Any CPU
		{CF7DFAAB-7AA2-4B91-9F37-E03D2AC58B3B}.Release|x64.ActiveCfg = Release|Any CPU
		{CF7DFAAB-7AA2-4B91-9F37-E03D2AC58B3B}.Release|x64.Build.0 = Release|Any CPU
		{CF7DFAAB-7AA2-4B91-9F37-E03D2AC58B3B}.Release|x86.ActiveCfg = Release|Any CPU
		{CF7DFAAB-7AA2-4B91-9F37-E03D2AC58B3B}.Release|x86.Build.0 = Release|Any CPU
		{1847FE00-7428-4A06-AD22-B3DEDEBB5D27}.Debug|Any CPU.ActiveCfg = Debug|Any CPU
		{1847FE00-7428-4A06-AD22-B3DEDEBB5D27}.Debug|Any CPU.Build.0 = Debug|Any CPU
		{1847FE00-7428-4A06-AD22-B3DEDEBB5D27}.Debug|x64.ActiveCfg = Debug|Any CPU
		{1847FE00-7428-4A06-AD22-B3DEDEBB5D27}.Debug|x64.Build.0 = Debug|Any CPU
		{1847FE00-7428-4A06-AD22-B3DEDEBB5D27}.Debug|x86.ActiveCfg = Debug|Any CPU
		{1847FE00-7428-4A06-AD22-B3DEDEBB5D27}.Debug|x86.Build.0 = Debug|Any CPU
		{1847FE00-7428-4A06-AD22-B3DEDEBB5D27}.Release|Any CPU.ActiveCfg = Release|Any CPU
		{1847FE00-7428-4A06-AD22-B3DEDEBB5D27}.Release|Any CPU.Build.0 = Release|Any CPU
		{1847FE00-7428-4A06-AD22-B3DEDEBB5D27}.Release|x64.ActiveCfg = Release|Any CPU
		{1847FE00-7428-4A06-AD22-B3DEDEBB5D27}.Release|x64.Build.0 = Release|Any CPU
		{1847FE00-7428-4A06-AD22-B3DEDEBB5D27}.Release|x86.ActiveCfg = Release|Any CPU
		{1847FE00-7428-4A06-AD22-B3DEDEBB5D27}.Release|x86.Build.0 = Release|Any CPU
	EndGlobalSection
	GlobalSection(SolutionProperties) = preSolution
		HideSolutionNode = FALSE
	EndGlobalSection
	GlobalSection(NestedProjects) = preSolution
		{B3FFB6BC-FD32-4BB9-BD16-E9327A9A9737} = {827E0CD3-B72D-47B6-A68D-7590B98EB39B}
		{CF7DFAAB-7AA2-4B91-9F37-E03D2AC58B3B} = {827E0CD3-B72D-47B6-A68D-7590B98EB39B}
		{1847FE00-7428-4A06-AD22-B3DEDEBB5D27} = {827E0CD3-B72D-47B6-A68D-7590B98EB39B}
	EndGlobalSection
EndGlobal
